version = 1
revision = 3
requires-python = ">=3.14"

[[package]]
name = "choreographer"
version = "1.2.1"
source = { registry = "https://pypi.org/simple" }
dependencies = [
    { name = "logistro" },
    { name = "simplejson" },
]
sdist = { url = "https://files.pythonhosted.org/packages/74/47/64a035c6f764450ea9f902cbeba14c8c70316c2641125510066d8f912bfa/choreographer-1.2.1.tar.gz", hash = "sha256:022afd72b1e9b0bcb950420b134e70055a294c791b6f36cfb47d89745b701b5f", size = 43399, upload-time = "2025-11-09T23:04:44.749Z" }
wheels = [
    { url = "https://files.pythonhosted.org/packages/b7/9f/d73dfb85d7a5b1a56a99adc50f2074029468168c970ff5daeade4ad819e4/choreographer-1.2.1-py3-none-any.whl", hash = "sha256:9af5385effa3c204dbc337abf7ac74fd8908ced326a15645dc31dde75718c77e", size = 49338, upload-time = "2025-11-09T23:04:43.154Z" },
]

[[package]]
name = "colorama"
version = "0.4.6"
source = { registry = "https://pypi.org/simple" }
sdist = { url = "https://files.pythonhosted.org/packages/d8/53/6f443c9a4a8358a93a6792e2acffb9d9d5cb0a5cfd8802644b7b1c9a02e4/colorama-0.4.6.tar.gz", hash = "sha256:08695f5cb7ed6e0531a20572697297273c47b8cae5a63ffc6d6ed5c201be6e44", size = 27697, upload-time = "2022-10-25T02:36:22.414Z" }
wheels = [
    { url = "https://files.pythonhosted.org/packages/d1/d6/3965ed04c63042e047cb6a3e6ed1a63a35087b6a609aa3a15ed8ac56c221/colorama-0.4.6-py2.py3-none-any.whl", hash = "sha256:4f1d9991f5acc0ca119f9d443620b77f9d6b33703e51011c16baf57afb285fc6", size = 25335, upload-time = "2022-10-25T02:36:20.889Z" },
]

[[package]]
name = "dramsys"
version = "0.1.0"
source = { editable = "." }
dependencies = [
    { name = "kaleido" },
    { name = "polars" },
    { name = "pyvcd" },
    { name = "tqdm" },
]

[package.optional-dependencies]
extensions = [
    { name = "dramsys-extensions" },
]

[package.metadata]
requires-dist = [
    { name = "dramsys-extensions", marker = "extra == 'extensions'", editable = "../extensions/python" },
    { name = "kaleido", specifier = ">=1.2.0" },
    { name = "polars", specifier = ">=1.39.3" },
    { name = "pyvcd", specifier = ">=0.4.1" },
    { name = "tqdm", specifier = ">=4.67.3" },
]
provides-extras = ["extensions"]

[[package]]
name = "dramsys-extensions"
version = "0.1.0"
source = { editable = "../extensions/python" }

[[package]]
name = "iniconfig"
version = "2.3.0"
source = { registry = "https://pypi.org/simple" }
sdist = { url = "https://files.pythonhosted.org/packages/72/34/14ca021ce8e5dfedc35312d08ba8bf51fdd999c576889fc2c24cb97f4f10/iniconfig-2.3.0.tar.gz", hash = "sha256:c76315c77db068650d49c5b56314774a7804df16fee4402c1f19d6d15d8c4730", size = 20503, upload-time = "2025-10-18T21:55:43.219Z" }
wheels = [
    { url = "https://files.pythonhosted.org/packages/cb/b1/3846dd7f199d53cb17f49cba7e651e9ce294d8497c8c150530ed11865bb8/iniconfig-2.3.0-py3-none-any.whl", hash = "sha256:f631c04d2c48c52b84d0d0549c99ff3859c98df65b3101406327ecc7d53fbf12", size = 7484, upload-time = "2025-10-18T21:55:41.639Z" },
]

[[package]]
name = "kaleido"
version = "1.2.0"
source = { registry = "https://pypi.org/simple" }
dependencies = [
    { name = "choreographer" },
    { name = "logistro" },
    { name = "orjson" },
    { name = "packaging" },
    { name = "pytest-timeout" },
]
sdist = { url = "https://files.pythonhosted.org/packages/38/ad/76eec859b71eda803a88ea50ed3f270281254656bb23d19eb0a39aa706a0/kaleido-1.2.0.tar.gz", hash = "sha256:fa621a14423e8effa2895a2526be00af0cf21655be1b74b7e382c171d12e71ef", size = 64160, upload-time = "2025-11-04T21:24:23.833Z" }
wheels = [
    { url = "https://files.pythonhosted.org/packages/4b/97/f6de8d4af54d6401d6581a686cce3e3e2371a79ba459a449104e026c08bc/kaleido-1.2.0-py3-none-any.whl", hash = "sha256:c27ed82b51df6b923d0e656feac221343a0dbcd2fb9bc7e6b1db97f61e9a1513", size = 68997, upload-time = "2025-11-04T21:24:21.704Z" },
]

[[package]]
name = "logistro"
version = "2.0.1"
source = { registry = "https://pypi.org/simple" }
sdist = { url = "https://files.pythonhosted.org/packages/08/90/bfd7a6fab22bdfafe48ed3c4831713cb77b4779d18ade5e248d5dbc0ca22/logistro-2.0.1.tar.gz", hash = "sha256:8446affc82bab2577eb02bfcbcae196ae03129287557287b6a070f70c1985047", size = 8398, upload-time = "2025-11-01T02:41:18.81Z" }
wheels = [
    { url = "https://files.pythonhosted.org/packages/54/20/6aa79ba3570bddd1bf7e951c6123f806751e58e8cce736bad77b2cf348d7/logistro-2.0.1-py3-none-any.whl", hash = "sha256:06ffa127b9fb4ac8b1972ae6b2a9d7fde57598bf5939cd708f43ec5bba2d31eb", size = 8555, upload-time = "2025-11-01T02:41:17.587Z" },
]

[[package]]
name = "orjson"
version = "3.11.8"
source = { registry = "https://pypi.org/simple" }
sdist = { url = "https://files.pythonhosted.org/packages/9d/1b/2024d06792d0779f9dbc51531b61c24f76c75b9f4ce05e6f3377a1814cea/orjson-3.11.8.tar.gz", hash = "sha256:96163d9cdc5a202703e9ad1b9ae757d5f0ca62f4fa0cc93d1f27b0e180cc404e", size = 5603832, upload-time = "2026-03-31T16:16:27.878Z" }
wheels = [
    { url = "https://files.pythonhosted.org/packages/6d/35/b01910c3d6b85dc882442afe5060cbf719c7d1fc85749294beda23d17873/orjson-3.11.8-cp314-cp314-macosx_10_15_x86_64.macosx_11_0_arm64.macosx_10_15_universal2.whl", hash = "sha256:ec795530a73c269a55130498842aaa762e4a939f6ce481a7e986eeaa790e9da4", size = 229171, upload-time = "2026-03-31T16:16:00.651Z" },
    { url = "https://files.pythonhosted.org/packages/c2/56/c9ec97bd11240abef39b9e5d99a15462809c45f677420fd148a6c5e6295e/orjson-3.11.8-cp314-cp314-macosx_15_0_arm64.whl", hash = "sha256:c492a0e011c0f9066e9ceaa896fbc5b068c54d365fea5f3444b697ee01bc8625", size = 128746, upload-time = "2026-03-31T16:16:02.673Z" },
    { url = "https://files.pythonhosted.org/packages/3b/e4/66d4f30a90de45e2f0cbd9623588e8ae71eef7679dbe2ae954ed6d66a41f/orjson-3.11.8-cp314-cp314-manylinux_2_17_aarch64.manylinux2014_aarch64.whl", hash = "sha256:883206d55b1bd5f5679ad5e6ddd3d1a5e3cac5190482927fdb8c78fb699193b5", size = 131867, upload-time = "2026-03-31T16:16:04.342Z" },
    { url = "https://files.pythonhosted.org/packages/19/30/2a645fc9286b928675e43fa2a3a16fb7b6764aa78cc719dc82141e00f30b/orjson-3.11.8-cp314-cp314-manylinux_2_17_armv7l.manylinux2014_armv7l.whl", hash = "sha256:5774c1fdcc98b2259800b683b19599c133baeb11d60033e2095fd9d4667b82db", size = 124664, upload-time = "2026-03-31T16:16:05.837Z" },
    { url = "https://files.pythonhosted.org/packages/db/44/77b9a86d84a28d52ba3316d77737f6514e17118119ade3f91b639e859029/orjson-3.11.8-cp314-cp314-manylinux_2_17_i686.manylinux2014_i686.whl", hash = "sha256:8ac7381c83dd3d4a6347e6635950aa448f54e7b8406a27c7ecb4a37e9f1ae08b", size = 129701, upload-time = "2026-03-31T16:16:07.407Z" },
    { url = "https://files.pythonhosted.org/packages/b3/ea/eff3d9bfe47e9bc6969c9181c58d9f71237f923f9c86a2d2f490cd898c82/orjson-3.11.8-cp314-cp314-manylinux_2_17_ppc64le.manylinux2014_ppc64le.whl", hash = "sha256:14439063aebcb92401c11afc68ee4e407258d2752e62d748b6942dad20d2a70d", size = 141202, upload-time = "2026-03-31T16:16:09.48Z" },
    { url = "https://files.pythonhosted.org/packages/52/c8/90d4b4c60c84d62068d0cf9e4d8f0a4e05e76971d133ac0c60d818d4db20/orjson-3.11.8-cp314-cp314-manylinux_2_17_s390x.manylinux2014_s390x.whl", hash = "sha256:fa72e71977bff96567b0f500fc5bfd2fdf915f34052c782a4c6ebbdaa97aa858", size = 127194, upload-time = "2026-03-31T16:16:11.02Z" },
    { url = "https://files.pythonhosted.org/packages/8d/c7/ea9e08d1f0ba981adffb629811148b44774d935171e7b3d780ae43c4c254/orjson-3.11.8-cp314-cp314-manylinux_2_17_x86_64.manylinux2014_x86_64.whl", hash = "sha256:7679bc2f01bb0d219758f1a5f87bb7c8a81c0a186824a393b366876b4948e14f", size = 133639, upload-time = "2026-03-31T16:16:13.434Z" },
    { url = "https://files.pythonhosted.org/packages/6c/8c/ddbbfd6ba59453c8fc7fe1d0e5983895864e264c37481b2a791db635f046/orjson-3.11.8-cp314-cp314-musllinux_1_2_aarch64.whl", hash = "sha256:14f7b8fcb35ef403b42fa5ecfa4ed032332a91f3dc7368fbce4184d59e1eae0d", size = 141914, upload-time = "2026-03-31T16:16:14.955Z" },
    { url = "https://files.pythonhosted.org/packages/4e/31/dbfbefec9df060d34ef4962cd0afcb6fa7a9ec65884cb78f04a7859526c3/orjson-3.11.8-cp314-cp314-musllinux_1_2_armv7l.whl", hash = "sha256:c2bdf7b2facc80b5e34f48a2d557727d5c5c57a8a450de122ae81fa26a81c1bc", size = 423800, upload-time = "2026-03-31T16:16:16.594Z" },
    { url = "https://files.pythonhosted.org/packages/87/cf/f74e9ae9803d4ab46b163494adba636c6d7ea955af5cc23b8aaa94cfd528/orjson-3.11.8-cp314-cp314-musllinux_1_2_i686.whl", hash = "sha256:ccd7ba1b0605813a0715171d39ec4c314cb97a9c85893c2c5c0c3a3729df38bf", size = 147837, upload-time = "2026-03-31T16:16:18.585Z" },
    { url = "https://files.pythonhosted.org/packages/64/e6/9214f017b5db85e84e68602792f742e5dc5249e963503d1b356bee611e01/orjson-3.11.8-cp314-cp314-musllinux_1_2_x86_64.whl", hash = "sha256:cdbc8c9c02463fef4d3c53a9ba3336d05496ec8e1f1c53326a1e4acc11f5c600", size = 136441, upload-time = "2026-03-31T16:16:20.151Z" },
    { url = "https://files.pythonhosted.org/packages/24/dd/3590348818f58f837a75fb969b04cdf187ae197e14d60b5e5a794a38b79d/orjson-3.11.8-cp314-cp314-win32.whl", hash = "sha256:0b57f67710a8cd459e4e54eb96d5f77f3624eba0c661ba19a525807e42eccade", size = 131983, upload-time = "2026-03-31T16:16:21.823Z" },
    { url = "https://files.pythonhosted.org/packages/3f/0f/b6cb692116e05d058f31ceee819c70f097fa9167c82f67fabe7516289abc/orjson-3.11.8-cp314-cp314-win_amd64.whl", hash = "sha256:735e2262363dcbe05c35e3a8869898022af78f89dde9e256924dc02e99fe69ca", size = 127396, upload-time = "2026-03-31T16:16:23.685Z" },
    { url = "https://files.pythonhosted.org/packages/c0/d1/facb5b5051fabb0ef9d26c6544d87ef19a939a9a001198655d0d891062dd/orjson-3.11.8-cp314-cp314-win_arm64.whl", hash = "sha256:6ccdea2c213cf9f3d9490cbd5d427693c870753df41e6cb375bd79bcbafc8817", size = 127330, upload-time = "2026-03-31T16:16:25.496Z" },
]

[[package]]
name = "packaging"
version = "26.1"
source = { registry = "https://pypi.org/simple" }
sdist = { url = "https://files.pythonhosted.org/packages/df/de/0d2b39fb4af88a0258f3bac87dfcbb48e73fbdea4a2ed0e2213f9a4c2f9a/packaging-26.1.tar.gz", hash = "sha256:f042152b681c4bfac5cae2742a55e103d27ab2ec0f3d88037136b6bfe7c9c5de", size = 215519, upload-time = "2026-04-14T21:12:49.362Z" }
wheels = [
    { url = "https://files.pythonhosted.org/packages/7a/c2/920ef838e2f0028c8262f16101ec09ebd5969864e5a64c4c05fad0617c56/packaging-26.1-py3-none-any.whl", hash = "sha256:5d9c0669c6285e491e0ced2eee587eaf67b670d94a19e94e3984a481aba6802f", size = 95831, upload-time = "2026-04-14T21:12:47.56Z" },
]

[[package]]
name = "pluggy"
version = "1.6.0"
source = { registry = "https://pypi.org/simple" }
sdist = { url = "https://files.pythonhosted.org/packages/f9/e2/3e91f31a7d2b083fe6ef3fa267035b518369d9511ffab804f839851d2779/pluggy-1.6.0.tar.gz", hash = "sha256:7dcc130b76258d33b90f61b658791dede3486c3e6bfb003ee5c9bfb396dd22f3", size = 69412, upload-time = "2025-05-15T12:30:07.975Z" }
wheels = [
    { url = "https://files.pythonhosted.org/packages/54/20/4d324d65cc6d9205fabedc306948156824eb9f0ee1633355a8f7ec5c66bf/pluggy-1.6.0-py3-none-any.whl", hash = "sha256:e920276dd6813095e9377c0bc5566d94c932c33b27a3e3945d8389c374dd4746", size = 20538, upload-time = "2025-05-15T12:30:06.134Z" },
]

[[package]]
name = "polars"
version = "1.40.0"
source = { registry = "https://pypi.org/simple" }
dependencies = [
    { name = "polars-runtime-32" },
]
sdist = { url = "https://files.pythonhosted.org/packages/d9/1b/eea7d6fe6daafc1d784cc0f76c729b28051837ccb2d51ae64a0a3f798142/polars-1.40.0.tar.gz", hash = "sha256:711dd50dcbc35ba42a2625fcadc2a1349e2e9abf48e35631bdabafb90d89874b", size = 732943, upload-time = "2026-04-18T05:25:26.077Z" }
wheels = [
    { url = "https://files.pythonhosted.org/packages/b4/ad/d5ed79269b7fe59a3dbbfbdbecbe1e59a0b56e38d36491e57d2bfb5846c1/polars-1.40.0-py3-none-any.whl", hash = "sha256:60b1d677ca363e2fc6fdea8c3d16c0653fd52cc37f0249e0f29d9536d5aa45ef", size = 828012, upload-time = "2026-04-18T05:23:39.055Z" },
]

[[package]]
name = "polars-runtime-32"
version = "1.40.0"
source = { registry = "https://pypi.org/simple" }
sdist = { url = "https://files.pythonhosted.org/packages/fb/b2/eae6c1b3d16c7a64ff382f557985ff939cce13455e8c9d056ab8e1e0fc87/polars_runtime_32-1.40.0.tar.gz", hash = "sha256:e31bff8bd37492c714e155e2e1429ac2d9ddf2dd6ec6474cc1cc70ac0b2bd6af", size = 2935285, upload-time = "2026-04-18T05:25:28.038Z" }
wheels = [
    { url = "https://files.pythonhosted.org/packages/b0/e4/2325689d2af4f9e70699ff98e8a2543707bebc34af78a5fe0e654107d9ed/polars_runtime_32-1.40.0-cp310-abi3-macosx_10_12_x86_64.whl", hash = "sha256:cab3ac7ff5bc9e0f4b3b146015569e9417cf0eaff8d3fb71004d73d67b6f09c7", size = 52092528, upload-time = "2026-04-18T05:23:42.341Z" },
    { url = "https://files.pythonhosted.org/packages/19/a6/82157b19c5c40b2c1ed0493b87b9eaf9b4863cdedca5575ee083488b45ba/polars_runtime_32-1.40.0-cp310-abi3-macosx_11_0_arm64.whl", hash = "sha256:d29624c75c4049253300786d00882fce620b3677ce495ebc4199292de8c2ba02", size = 46365073, upload-time = "2026-04-18T05:23:46.7Z" },
    { url = "https://files.pythonhosted.org/packages/85/b5/5c4f1f2545f56c664cc57bbdd1aa66fcfcb129aa137ed72cc81d58eb480f/polars_runtime_32-1.40.0-cp310-abi3-manylinux_2_17_aarch64.manylinux2014_aarch64.whl", hash = "sha256:a034dc0d8481fc1ca0456ab33e98e53a4c6d6cc6a2edb36246cc81c936b925dc", size = 50250561, upload-time = "2026-04-18T05:23:51.316Z" },
    { url = "https://files.pythonhosted.org/packages/8e/51/cb5eb75394f39c0ec14fddcc9b11adb707e1f28224a552ecbfa72d39b61b/polars_runtime_32-1.40.0-cp310-abi3-manylinux_2_17_x86_64.manylinux2014_x86_64.whl", hash = "sha256:70e78c2f13a54a9d92ae30d2625bda759173cc4867ad6a39f85f140058d899c6", size = 56243695, upload-time = "2026-04-18T05:23:55.932Z" },
    { url = "https://files.pythonhosted.org/packages/16/3a/be1437c0fbecbb07d81b151456089c3cf054eea5a791f849ed39b67611ca/polars_runtime_32-1.40.0-cp310-abi3-musllinux_1_2_aarch64.whl", hash = "sha256:1843272c0ef49f4a07435888f0059eca08ec16ab9880219c457195a081df0281", size = 50427843, upload-time = "2026-04-18T05:24:00.159Z" },
    { url = "https://files.pythonhosted.org/packages/be/c7/ea6449a2161816a13ed1d8aa02177d5a0594e011f0df5ddd2fad8e5bf20e/polars_runtime_32-1.40.0-cp310-abi3-musllinux_1_2_x86_64.whl", hash = "sha256:081237dba07f15d61fc151825f203165480e9503ebe72a474a8c99aa78021962", size = 54153077, upload-time = "2026-04-18T05:24:05.066Z" },
    { url = "https://files.pythonhosted.org/packages/aa/1a/0b239138afe8b80a1a0b4c95db3884e6afbbe82ec3318918ab03bc57f231/polars_runtime_32-1.40.0-cp310-abi3-win_amd64.whl", hash = "sha256:a916040e0b7f461ce987e4551fed9eea5914b4fbb5af907b1d9e80db71fadeb5", size = 51822748, upload-time = "2026-04-18T05:24:09.384Z" },
    { url = "https://files.pythonhosted.org/packages/06/ce/c16ef8fd3030b7342032b040fab21a42f6fee57e47ee7f41e2f1a1e36f01/polars_runtime_32-1.40.0-cp310-abi3-win_arm64.whl", hash = "sha256:719c64eecde24a95aa3599eb9c8efc98c1499bab7ef9c01cbbe8939cd583e654", size = 45819617, upload-time = "2026-04-18T05:24:13.214Z" },
]

[[package]]
name = "pygments"
version = "2.20.0"
source = { registry = "https://pypi.org/simple" }
sdist = { url = "https://files.pythonhosted.org/packages/c3/b2/bc9c9196916376152d655522fdcebac55e66de6603a76a02bca1b6414f6c/pygments-2.20.0.tar.gz", hash = "sha256:6757cd03768053ff99f3039c1a36d6c0aa0b263438fcab17520b30a303a82b5f", size = 4955991, upload-time = "2026-03-29T13:29:33.898Z" }
wheels = [
    { url = "https://files.pythonhosted.org/packages/f4/7e/a72dd26f3b0f4f2bf1dd8923c85f7ceb43172af56d63c7383eb62b332364/pygments-2.20.0-py3-none-any.whl", hash = "sha256:81a9e26dd42fd28a23a2d169d86d7ac03b46e2f8b59ed4698fb4785f946d0176", size = 1231151, upload-time = "2026-03-29T13:29:30.038Z" },
]

[[package]]
name = "pytest"
version = "9.0.3"
source = { registry = "https://pypi.org/simple" }
dependencies = [
    { name = "colorama", marker = "sys_platform == 'win32'" },
    { name = "iniconfig" },
    { name = "packaging" },
    { name = "pluggy" },
    { name = "pygments" },
]
sdist = { url = "https://files.pythonhosted.org/packages/7d/0d/549bd94f1a0a402dc8cf64563a117c0f3765662e2e668477624baeec44d5/pytest-9.0.3.tar.gz", hash = "sha256:b86ada508af81d19edeb213c681b1d48246c1a91d304c6c81a427674c17eb91c", size = 1572165, upload-time = "2026-04-07T17:16:18.027Z" }
wheels = [
    { url = "https://files.pythonhosted.org/packages/d4/24/a372aaf5c9b7208e7112038812994107bc65a84cd00e0354a88c2c77a617/pytest-9.0.3-py3-none-any.whl", hash = "sha256:2c5efc453d45394fdd706ade797c0a81091eccd1d6e4bccfcd476e2b8e0ab5d9", size = 375249, upload-time = "2026-04-07T17:16:16.13Z" },
]

[[package]]
name = "pytest-timeout"
version = "2.4.0"
source = { registry = "https://pypi.org/simple" }
dependencies = [
    { name = "pytest" },
]
sdist = { url = "https://files.pythonhosted.org/packages/ac/82/4c9ecabab13363e72d880f2fb504c5f750433b2b6f16e99f4ec21ada284c/pytest_timeout-2.4.0.tar.gz", hash = "sha256:7e68e90b01f9eff71332b25001f85c75495fc4e3a836701876183c4bcfd0540a", size = 17973, upload-time = "2025-05-05T19:44:34.99Z" }
wheels = [
    { url = "https://files.pythonhosted.org/packages/fa/b6/3127540ecdf1464a00e5a01ee60a1b09175f6913f0644ac748494d9c4b21/pytest_timeout-2.4.0-py3-none-any.whl", hash = "sha256:c42667e5cdadb151aeb5b26d114aff6bdf5a907f176a007a30b940d3d865b5c2", size = 14382, upload-time = "2025-05-05T19:44:33.502Z" },
]

[[package]]
name = "pyvcd"
version = "0.4.1"
source = { registry = "https://pypi.org/simple" }
sdist = { url = "https://files.pythonhosted.org/packages/5a/0e/bbc8c4b8b5c2c1b072f891ecc63d5cca230ca09cf25f94ebb9b46dadc114/pyvcd-0.4.1.tar.gz", hash = "sha256:dc6275e95a7949b8236086ab2e6d03afede73441243ec5109c9ea89077f3d696", size = 39562, upload-time = "2024-11-10T22:58:47.397Z" }
wheels = [
    { url = "https://files.pythonhosted.org/packages/8d/6d/24f67ec6cbe90ffca470f3c31e24f3d21124abc5b690398ab34a54bd3070/pyvcd-0.4.1-py2.py3-none-any.whl", hash = "sha256:3a4c71d4dce741f1155a2ed11a6278390a0816293068f6162ad9658d20f75578", size = 23561, upload-time = "2024-11-10T22:58:46.015Z" },
]

[[package]]
name = "simplejson"
version = "4.0.1"
source = { registry = "https://pypi.org/simple" }
sdist = { url = "https://files.pythonhosted.org/packages/14/91/b0e7a38d63706dde006d1213f9c394ad7702df841c019fb4cf0e3295c58c/simplejson-4.0.1.tar.gz", hash = "sha256:bc13170567a5c856a0e6c16620c0b0388722f7d6382acd8007857624c3dedf3e", size = 115959, upload-time = "2026-04-18T22:46:17.544Z" }
wheels = [
    { url = "https://files.pythonhosted.org/packages/c8/84/103fbe8f7d1221737fc26b8932804a4f9393ab8e83633ed244a3b75c2617/simplejson-4.0.1-cp314-cp314-macosx_10_15_universal2.whl", hash = "sha256:77af5d5f5fecd749786a38e6bd0e4bdd97f37e321ee6008a130dfe0aef7ec4e4", size = 108191, upload-time = "2026-04-18T22:45:11.007Z" },
    { url = "https://files.pythonhosted.org/packages/3d/ca/123e47cabb2307ad8959f3b3b6b181e96e83e261dc6033fb5b068cfea78f/simplejson-4.0.1-cp314-cp314-macosx_10_15_x86_64.whl", hash = "sha256:bb48e3e3f7a97780971d1649989b63c576f86ce91a59cc3400d80cd7964f1044", size = 88863, upload-time = "2026-04-18T22:45:12.407Z" },
    { url = "https://files.pythonhosted.org/packages/42/a2/9d56e5a028ff4d666f25609f42f2c88cbd155d5fb30b124fcb7cf6081b88/simplejson-4.0.1-cp314-cp314-macosx_11_0_arm64.whl", hash = "sha256:5738da4af10c92631e89421d4665f0e92119b63b62085d8eb2d51304bc4273ee", size = 89106, upload-time = "2026-04-18T22:45:13.933Z" },
    { url = "https://files.pythonhosted.org/packages/56/1b/9eb1901514f48cf8944fe7af8432f522aa1c80dd3a00eddfedefa62066bc/simplejson-4.0.1-cp314-cp314-manylinux1_x86_64.manylinux_2_28_x86_64.manylinux_2_5_x86_64.whl", hash = "sha256:4d02c0fb43f2f0f20de94043235fa433e1cae63c39e2f4af0f9d21882a8479be", size = 178099, upload-time = "2026-04-18T22:45:15.156Z" },
    { url = "https://files.pythonhosted.org/packages/25/19/5437e74f888f76a0c765e61057396a0932bfab104974d81752e63a5c6dd2/simplejson-4.0.1-cp314-cp314-manylinux2014_aarch64.manylinux_2_17_aarch64.manylinux_2_28_aarch64.whl", hash = "sha256:851cfde1b505289d8c60cc6057770fe0f0dd675065fdc0b8e916463dca3a9d63", size = 175091, upload-time = "2026-04-18T22:45:16.43Z" },
    { url = "https://files.pythonhosted.org/packages/02/ab/451bae4c4baf663349437ba5790f489a3956dd0b3d8ddcf25b087ea743f1/simplejson-4.0.1-cp314-cp314-manylinux2014_ppc64le.manylinux_2_17_ppc64le.manylinux_2_28_ppc64le.whl", hash = "sha256:8953fee0520010baae040cf8a5316f5b75794d6bd79364be3deb365821ff2cb0", size = 183411, upload-time = "2026-04-18T22:45:17.746Z" },
    { url = "https://files.pythonhosted.org/packages/c4/38/90c48b57694bc14dab99a77508b037597c44929323d7dc4764b2889b41a6/simplejson-4.0.1-cp314-cp314-musllinux_1_2_aarch64.whl", hash = "sha256:aa3595f335868a3a421e089146fe53b0df19d9f7198748ce698d8d409c3c0786", size = 172859, upload-time = "2026-04-18T22:45:19.064Z" },
    { url = "https://files.pythonhosted.org/packages/98/ff/a7ba77ba7375aef15617c41383e6a301c3c8e3f789f0356037c149ffd9e7/simplejson-4.0.1-cp314-cp314-musllinux_1_2_ppc64le.whl", hash = "sha256:c7962187dcb27c9abe3a5e04969b005f963d6f9bc05f77641126e4ee99aa6a5f", size = 180548, upload-time = "2026-04-18T22:45:20.75Z" },
    { url = "https://files.pythonhosted.org/packages/36/5d/748bed0e129846f727d37ac5739c562e1aa8aef4ba864e3bdf59eba530d0/simplejson-4.0.1-cp314-cp314-musllinux_1_2_x86_64.whl", hash = "sha256:f64c2bffa2a4438c9b45aef53743271fcac4836dd6d15646b6865fd3c49dd2b0", size = 176480, upload-time = "2026-04-18T22:45:22.4Z" },
    { url = "https://files.pythonhosted.org/packages/63/98/783ed8ddd0962e6e36c45dbc331fd35f42aa904829ba3757c1a3eee15b78/simplejson-4.0.1-cp314-cp314-win32.whl", hash = "sha256:cad8fe5e92def6080a31315b74947d956220cc6e7726878de797d233e1884bf6", size = 88023, upload-time = "2026-04-18T22:45:24.025Z" },
    { url = "https://files.pythonhosted.org/packages/9b/90/678107cf70a5709066f0a3859e2d56018da9eef1cf97ae478c9a7435294b/simplejson-4.0.1-cp314-cp314-win_amd64.whl", hash = "sha256:9ae4bc39e64d24642c6e2f97a0d7f3c3f2262876e4d45fef439e0910b0b7433a", size = 90156, upload-time = "2026-04-18T22:45:25.239Z" },
    { url = "https://files.pythonhosted.org/packages/cb/76/709e8f60385b2c4cb26ad291302594d4711562c8005eb8e36e74080e47be/simplejson-4.0.1-cp314-cp314t-macosx_10_15_universal2.whl", hash = "sha256:4dab04afe06dc2e83dce044cf53374d37019a5be14f815cb583456b02bcba46b", size = 111994, upload-time = "2026-04-18T22:45:26.479Z" },
    { url = "https://files.pythonhosted.org/packages/3c/18/87698fd8c4e286b1f7154d7a5076f5e97fdc7582484ffcc199afb5ea62b1/simplejson-4.0.1-cp314-cp314t-macosx_10_15_x86_64.whl", hash = "sha256:b6e744eacf669056ab19992f694e48149cccae9538e9014a4778749feae9978b", size = 90761, upload-time = "2026-04-18T22:45:28.099Z" },
    { url = "https://files.pythonhosted.org/packages/b3/a4/e14d784ddddefc039d651f932a1a43efe4814726de652a3f6cd569fbf0e2/simplejson-4.0.1-cp314-cp314t-macosx_11_0_arm64.whl", hash = "sha256:4166f23ace9b0cf28be7ed0f147c900baf4e579a57fe926ba54078b244eb2e7f", size = 91070, upload-time = "2026-04-18T22:45:29.953Z" },
    { url = "https://files.pythonhosted.org/packages/9b/93/ba9ab9bd5aad9df588b39163e6e381d6a5e4d51b6f70320d81a84316690a/simplejson-4.0.1-cp314-cp314t-manylinux1_x86_64.manylinux_2_28_x86_64.manylinux_2_5_x86_64.whl", hash = "sha256:5425cdfc980972688f08f332ed1d480874b5114855e49a9a6607e220c494c1e6", size = 208225, upload-time = "2026-04-18T22:45:31.183Z" },
    { url = "https://files.pythonhosted.org/packages/72/91/abb6e9caf7f08d392f5c50e14f3a411b3e85597b59851bb8ca09829a7466/simplejson-4.0.1-cp314-cp314t-manylinux2014_aarch64.manylinux_2_17_aarch64.manylinux_2_28_aarch64.whl", hash = "sha256:7584d53ed708ad17984a591a542861e0712da285577cfbbcd82c956eb6b12233", size = 207827, upload-time = "2026-04-18T22:45:32.828Z" },
    { url = "https://files.pythonhosted.org/packages/a6/c6/bfdb1be8ef2d7db768237f97a7e420fe34146692ebfbc2ffd719c528ffb8/simplejson-4.0.1-cp314-cp314t-manylinux2014_ppc64le.manylinux_2_17_ppc64le.manylinux_2_28_ppc64le.whl", hash = "sha256:0d98b8fdd7df1cec61de1f63ae7f111d761e2a3208049b5d24358aa29dc3044f", size = 213386, upload-time = "2026-04-18T22:45:34.178Z" },
    { url = "https://files.pythonhosted.org/packages/92/87/0b81b072d1fe185c4723ff1c76096e73b6e0019791804aad5f4946724620/simplejson-4.0.1-cp314-cp314t-musllinux_1_2_aarch64.whl", hash = "sha256:9f8d949c5d34afb3bf81d71879a288526f85cd31277f4a321e4b643f0c4f367d", size = 204013, upload-time = "2026-04-18T22:45:35.674Z" },
    { url = "https://files.pythonhosted.org/packages/72/b2/b396ee3ded3fe2a0609b89b922b09ba9134c8da539c267bb2b356f3471a8/simplejson-4.0.1-cp314-cp314t-musllinux_1_2_ppc64le.whl", hash = "sha256:5ecc0ad5fdd14109f563510e448a2f937c1d8816e91b33ab5549408e72dda884", size = 209274, upload-time = "2026-04-18T22:45:37.301Z" },
    { url = "https://files.pythonhosted.org/packages/a5/27/22ef6035399b7c09e07cc7373d3c54a5261fb55554b7efbd0bc9aa360f29/simplejson-4.0.1-cp314-cp314t-musllinux_1_2_x86_64.whl", hash = "sha256:54342df0f6a273436e6869ac372a077161877c826ddc66b861f31a59fabe2b98", size = 204866, upload-time = "2026-04-18T22:45:38.671Z" },
    { url = "https://files.pythonhosted.org/packages/0b/a0/fc26e8d67c2cf9bf4742f1d81c2d15067731be2f60972ad0b780d70e7460/simplejson-4.0.1-cp314-cp314t-win32.whl", hash = "sha256:3e49d709a121d47acaf6932803407b6feee5d5fac5c7f2a370d7ba5b6fedaea3", size = 90571, upload-time = "2026-04-18T22:45:40.401Z" },
    { url = "https://files.pythonhosted.org/packages/3d/6b/1858670f2b22fcdb26efe9255d9354377d3259e08ed26d0652c7a4bd5aa3/simplejson-4.0.1-cp314-cp314t-win_amd64.whl", hash = "sha256:d8c702e19fd99fd75f3371de70b5489dc9f659cd69ada0c72a2f6dce76bd624c", size = 93474, upload-time = "2026-04-18T22:45:41.552Z" },
    { url = "https://files.pythonhosted.org/packages/a9/2d/93a5b862ac29f182a658eb3fc2c98fe28acbb5c05a9076402572c7eb6966/simplejson-4.0.1-py3-none-any.whl", hash = "sha256:dfa6e9923c0ec2880738d09e5ce045741eb6cd4551e261dcd6c3625d26666075", size = 69242, upload-time = "2026-04-18T22:46:16.183Z" },
]

[[package]]
name = "tqdm"
version = "4.67.3"
source = { registry = "https://pypi.org/simple" }
dependencies = [
    { name = "colorama", marker = "sys_platform == 'win32'" },
]
sdist = { url = "https://files.pythonhosted.org/packages/09/a9/6ba95a270c6f1fbcd8dac228323f2777d886cb206987444e4bce66338dd4/tqdm-4.67.3.tar.gz", hash = "sha256:7d825f03f89244ef73f1d4ce193cb1774a8179fd96f31d7e1dcde62092b960bb", size = 169598, upload-time = "2026-02-03T17:35:53.048Z" }
wheels = [
    { url = "https://files.pythonhosted.org/packages/16/e1/3079a9ff9b8e11b846c6ac5c8b5bfb7ff225eee721825310c91b3b50304f/tqdm-4.67.3-py3-none-any.whl", hash = "sha256:ee1e4c0e59148062281c49d80b25b67771a127c85fc9676d3be5f243206826bf", size = 78374, upload-time = "2026-02-03T17:35:50.982Z" },
]
