version = 1
revision = 3
requires-python = ">=3.14"

[[package]]
name = "choreographer"
version = "1.2.1"
source = { registry = "https://pypi.org/simple" }
dependencies = [
    { name = "logistro" },
    { name = "simplejson" },
]
sdist = { url = "https://files.pythonhosted.org/packages/74/47/64a035c6f764450ea9f902cbeba14c8c70316c2641125510066d8f912bfa/choreographer-1.2.1.tar.gz", hash = "sha256:022afd72b1e9b0bcb950420b134e70055a294c791b6f36cfb47d89745b701b5f", size = 43399, upload-time = "2025-11-09T23:04:44.749Z" }
wheels = [
    { url = "https://files.pythonhosted.org/packages/b7/9f/d73dfb85d7a5b1a56a99adc50f2074029468168c970ff5daeade4ad819e4/choreographer-1.2.1-py3-none-any.whl", hash = "sha256:9af5385effa3c204dbc337abf7ac74fd8908ced326a15645dc31dde75718c77e", size = 49338, upload-time = "2025-11-09T23:04:43.154Z" },
]

[[package]]
name = "colorama"
version = "0.4.6"
source = { registry = "https://pypi.org/simple" }
sdist = { url = "https://files.pythonhosted.org/packages/d8/53/6f443c9a4a8358a93a6792e2acffb9d9d5cb0a5cfd8802644b7b1c9a02e4/colorama-0.4.6.tar.gz", hash = "sha256:08695f5cb7ed6e0531a20572697297273c47b8cae5a63ffc6d6ed5c201be6e44", size = 27697, upload-time = "2022-10-25T02:36:22.414Z" }
wheels = [
    { url = "https://files.pythonhosted.org/packages/d1/d6/3965ed04c63042e047cb6a3e6ed1a63a35087b6a609aa3a15ed8ac56c221/colorama-0.4.6-py2.py3-none-any.whl", hash = "sha256:4f1d9991f5acc0ca119f9d443620b77f9d6b33703e51011c16baf57afb285fc6", size = 25335, upload-time = "2022-10-25T02:36:20.889Z" },
]

[[package]]
name = "dramsys"
version = "0.1.0"
source = { editable = "." }
dependencies = [
    { name = "kaleido" },
    { name = "polars" },
    { name = "pyvcd" },
    { name = "tqdm" },
]

[package.optional-dependencies]
extensions = [
    { name = "dramsys-extensions" },
]

[package.metadata]
requires-dist = [
    { name = "dramsys-extensions", marker = "extra == 'extensions'", editable = "../extensions/python" },
    { name = "kaleido", specifier = ">=1.2.0" },
    { name = "polars", specifier = ">=1.39.3" },
    { name = "pyvcd", specifier = ">=0.4.1" },
    { name = "tqdm", specifier = ">=4.67.3" },
]
provides-extras = ["extensions"]

[[package]]
name = "dramsys-extensions"
version = "0.1.0"
source = { editable = "../extensions/python" }

[[package]]
name = "iniconfig"
version = "2.3.0"
source = { registry = "https://pypi.org/simple" }
sdist = { url = "https://files.pythonhosted.org/packages/72/34/14ca021ce8e5dfedc35312d08ba8bf51fdd999c576889fc2c24cb97f4f10/iniconfig-2.3.0.tar.gz", hash = "sha256:c76315c77db068650d49c5b56314774a7804df16fee4402c1f19d6d15d8c4730", size = 20503, upload-time = "2025-10-18T21:55:43.219Z" }
wheels = [
    { url = "https://files.pythonhosted.org/packages/cb/b1/3846dd7f199d53cb17f49cba7e651e9ce294d8497c8c150530ed11865bb8/iniconfig-2.3.0-py3-none-any.whl", hash = "sha256:f631c04d2c48c52b84d0d0549c99ff3859c98df65b3101406327ecc7d53fbf12", size = 7484, upload-time = "2025-10-18T21:55:41.639Z" },
]

[[package]]
name = "kaleido"
version = "1.2.0"
source = { registry = "https://pypi.org/simple" }
dependencies = [
    { name = "choreographer" },
    { name = "logistro" },
    { name = "orjson" },
    { name = "packaging" },
    { name = "pytest-timeout" },
]
sdist = { url = "https://files.pythonhosted.org/packages/38/ad/76eec859b71eda803a88ea50ed3f270281254656bb23d19eb0a39aa706a0/kaleido-1.2.0.tar.gz", hash = "sha256:fa621a14423e8effa2895a2526be00af0cf21655be1b74b7e382c171d12e71ef", size = 64160, upload-time = "2025-11-04T21:24:23.833Z" }
wheels = [
    { url = "https://files.pythonhosted.org/packages/4b/97/f6de8d4af54d6401d6581a686cce3e3e2371a79ba459a449104e026c08bc/kaleido-1.2.0-py3-none-any.whl", hash = "sha256:c27ed82b51df6b923d0e656feac221343a0dbcd2fb9bc7e6b1db97f61e9a1513", size = 68997, upload-time = "2025-11-04T21:24:21.704Z" },
]

[[package]]
name = "logistro"
version = "2.0.1"
source = { registry = "https://pypi.org/simple" }
sdist = { url = "https://files.pythonhosted.org/packages/08/90/bfd7a6fab22bdfafe48ed3c4831713cb77b4779d18ade5e248d5dbc0ca22/logistro-2.0.1.tar.gz", hash = "sha256:8446affc82bab2577eb02bfcbcae196ae03129287557287b6a070f70c1985047", size = 8398, upload-time = "2025-11-01T02:41:18.81Z" }
wheels = [
    { url = "https://files.pythonhosted.org/packages/54/20/6aa79ba3570bddd1bf7e951c6123f806751e58e8cce736bad77b2cf348d7/logistro-2.0.1-py3-none-any.whl", hash = "sha256:06ffa127b9fb4ac8b1972ae6b2a9d7fde57598bf5939cd708f43ec5bba2d31eb", size = 8555, upload-time = "2025-11-01T02:41:17.587Z" },
]

[[package]]
name = "orjson"
version = "3.11.8"
source = { registry = "https://pypi.org/simple" }
sdist = { url = "https://files.pythonhosted.org/packages/9d/1b/2024d06792d0779f9dbc51531b61c24f76c75b9f4ce05e6f3377a1814cea/orjson-3.11.8.tar.gz", hash = "sha256:96163d9cdc5a202703e9ad1b9ae757d5f0ca62f4fa0cc93d1f27b0e180cc404e", size = 5603832, upload-time = "2026-03-31T16:16:27.878Z" }
wheels = [
    { url = "https://files.pythonhosted.org/packages/6d/35/b01910c3d6b85dc882442afe5060cbf719c7d1fc85749294beda23d17873/orjson-3.11.8-cp314-cp314-macosx_10_15_x86_64.macosx_11_0_arm64.macosx_10_15_universal2.whl", hash = "sha256:ec795530a73c269a55130498842aaa762e4a939f6ce481a7e986eeaa790e9da4", size = 229171, upload-time = "2026-03-31T16:16:00.651Z" },
    { url = "https://files.pythonhosted.org/packages/c2/56/c9ec97bd11240abef39b9e5d99a15462809c45f677420fd148a6c5e6295e/orjson-3.11.8-cp314-cp314-macosx_15_0_arm64.whl", hash = "sha256:c492a0e011c0f9066e9ceaa896fbc5b068c54d365fea5f3444b697ee01bc8625", size = 128746, upload-time = "2026-03-31T16:16:02.673Z" },
    { url = "https://files.pythonhosted.org/packages/3b/e4/66d4f30a90de45e2f0cbd9623588e8ae71eef7679dbe2ae954ed6d66a41f/orjson-3.11.8-cp314-cp314-manylinux_2_17_aarch64.manylinux2014_aarch64.whl", hash = "sha256:883206d55b1bd5f5679ad5e6ddd3d1a5e3cac5190482927fdb8c78fb699193b5", size = 131867, upload-time = "2026-03-31T16:16:04.342Z" },
    { url = "https://files.pythonhosted.org/packages/19/30/2a645fc9286b928675e43fa2a3a16fb7b6764aa78cc719dc82141e00f30b/orjson-3.11.8-cp314-cp314-manylinux_2_17_armv7l.manylinux2014_armv7l.whl", hash = "sha256:5774c1fdcc98b2259800b683b19599c133baeb11d60033e2095fd9d4667b82db", size = 124664, upload-time = "2026-03-31T16:16:05.837Z" },
    { url = "https://files.pythonhosted.org/packages/db/44/77b9a86d84a28d52ba3316d77737f6514e17118119ade3f91b639e859029/orjson-3.11.8-cp314-cp314-manylinux_2_17_i686.manylinux2014_i686.whl", hash = "sha256:8ac7381c83dd3d4a6347e6635950aa448f54e7b8406a27c7ecb4a37e9f1ae08b", size = 129701, upload-time = "2026-03-31T16:16:07.407Z" },
    { url = "https://files.pythonhosted.org/packages/b3/ea/eff3d9bfe47e9bc6969c9181c58d9f71237f923f9c86a2d2f490cd898c82/orjson-3.11.8-cp314-cp314-manylinux_2_17_ppc64le.manylinux2014_ppc64le.whl", hash = "sha256:14439063aebcb92401c11afc68ee4e407258d2752e62d748b6942dad20d2a70d", size = 141202, upload-time = "2026-03-31T16:16:09.48Z" },
    { url = "https://files.pythonhosted.org/packages/52/c8/90d4b4c60c84d62068d0cf9e4d8f0a4e05e76971d133ac0c60d818d4db20/orjson-3.11.8-cp314-cp314-manylinux_2_17_s390x.manylinux2014_s390x.whl", hash = "sha256:fa72e71977bff96567b0f500fc5bfd2fdf915f34052c782a4c6ebbdaa97aa858", size = 127194, upload-time = "2026-03-31T16:16:11.02Z" },
    { url = "https://files.pythonhosted.org/packages/8d/c7/ea9e08d1f0ba981adffb629811148b44774d935171e7b3d780ae43c4c254/orjson-3.11.8-cp314-cp314-manylinux_2_17_x86_64.manylinux2014_x86_64.whl", hash = "sha256:7679bc2f01bb0d219758f1a5f87bb7c8a81c0a186824a393b366876b4948e14f", size = 133639, upload-time = "2026-03-31T16:16:13.434Z" },
    { url = "https://files.pythonhosted.org/packages/6c/8c/ddbbfd6ba59453c8fc7fe1d0e5983895864e264c37481b2a791db635f046/orjson-3.11.8-cp314-cp314-musllinux_1_2_aarch64.whl", hash = "sha256:14f7b8fcb35ef403b42fa5ecfa4ed032332a91f3dc7368fbce4184d59e1eae0d", size = 141914, upload-time = "2026-03-31T16:16:14.955Z" },
    { url = "https://files.pythonhosted.org/packages/4e/31/dbfbefec9df060d34ef4962cd0afcb6fa7a9ec65884cb78f04a7859526c3/orjson-3.11.8-cp314-cp314-musllinux_1_2_armv7l.whl", hash = "sha256:c2bdf7b2facc80b5e34f48a2d557727d5c5c57a8a450de122ae81fa26a81c1bc", size = 423800, upload-time = "2026-03-31T16:16:16.594Z" },
    { url = "https://files.pythonhosted.org/packages/87/cf/f74e9ae9803d4ab46b163494adba636c6d7ea955af5cc23b8aaa94cfd528/orjson-3.11.8-cp314-cp314-musllinux_1_2_i686.whl", hash = "sha256:ccd7ba1b0605813a0715171d39ec4c314cb97a9c85893c2c5c0c3a3729df38bf", size = 147837, upload-time = "2026-03-31T16:16:18.585Z" },
    { url = "https://files.pythonhosted.org/packages/64/e6/9214f017b5db85e84e68602792f742e5dc5249e963503d1b356bee611e01/orjson-3.11.8-cp314-cp314-musllinux_1_2_x86_64.whl", hash = "sha256:cdbc8c9c02463fef4d3c53a9ba3336d05496ec8e1f1c53326a1e4acc11f5c600", size = 136441, upload-time = "2026-03-31T16:16:20.151Z" },
    { url = "https://files.pythonhosted.org/packages/24/dd/3590348818f58f837a75fb969b04cdf187ae197e14d60b5e5a794a38b79d/orjson-3.11.8-cp314-cp314-win32.whl", hash = "sha256:0b57f67710a8cd459e4e54eb96d5f77f3624eba0c661ba19a525807e42eccade", size = 131983, upload-time = "2026-03-31T16:16:21.823Z" },
    { url = "https://files.pythonhosted.org/packages/3f/0f/b6cb692116e05d058f31ceee819c70f097fa9167c82f67fabe7516289abc/orjson-3.11.8-cp314-cp314-win_amd64.whl", hash = "sha256:735e2262363dcbe05c35e3a8869898022af78f89dde9e256924dc02e99fe69ca", size = 127396, upload-time = "2026-03-31T16:16:23.685Z" },
    { url = "https://files.pythonhosted.org/packages/c0/d1/facb5b5051fabb0ef9d26c6544d87ef19a939a9a001198655d0d891062dd/orjson-3.11.8-cp314-cp314-win_arm64.whl", hash = "sha256:6ccdea2c213cf9f3d9490cbd5d427693c870753df41e6cb375bd79bcbafc8817", size = 127330, upload-time = "2026-03-31T16:16:25.496Z" },
]

[[package]]
name = "packaging"
version = "26.0"
source = { registry = "https://pypi.org/simple" }
sdist = { url = "https://files.pythonhosted.org/packages/65/ee/299d360cdc32edc7d2cf530f3accf79c4fca01e96ffc950d8a52213bd8e4/packaging-26.0.tar.gz", hash = "sha256:00243ae351a257117b6a241061796684b084ed1c516a08c48a3f7e147a9d80b4", size = 143416, upload-time = "2026-01-21T20:50:39.064Z" }
wheels = [
    { url = "https://files.pythonhosted.org/packages/b7/b9/c538f279a4e237a006a2c98387d081e9eb060d203d8ed34467cc0f0b9b53/packaging-26.0-py3-none-any.whl", hash = "sha256:b36f1fef9334a5588b4166f8bcd26a14e521f2b55e6b9de3aaa80d3ff7a37529", size = 74366, upload-time = "2026-01-21T20:50:37.788Z" },
]

[[package]]
name = "pluggy"
version = "1.6.0"
source = { registry = "https://pypi.org/simple" }
sdist = { url = "https://files.pythonhosted.org/packages/f9/e2/3e91f31a7d2b083fe6ef3fa267035b518369d9511ffab804f839851d2779/pluggy-1.6.0.tar.gz", hash = "sha256:7dcc130b76258d33b90f61b658791dede3486c3e6bfb003ee5c9bfb396dd22f3", size = 69412, upload-time = "2025-05-15T12:30:07.975Z" }
wheels = [
    { url = "https://files.pythonhosted.org/packages/54/20/4d324d65cc6d9205fabedc306948156824eb9f0ee1633355a8f7ec5c66bf/pluggy-1.6.0-py3-none-any.whl", hash = "sha256:e920276dd6813095e9377c0bc5566d94c932c33b27a3e3945d8389c374dd4746", size = 20538, upload-time = "2025-05-15T12:30:06.134Z" },
]

[[package]]
name = "polars"
version = "1.39.3"
source = { registry = "https://pypi.org/simple" }
dependencies = [
    { name = "polars-runtime-32" },
]
sdist = { url = "https://files.pythonhosted.org/packages/93/ab/f19e592fce9e000da49c96bf35e77cef67f9cb4b040bfa538a2764c0263e/polars-1.39.3.tar.gz", hash = "sha256:2e016c7f3e8d14fa777ef86fe0477cec6c67023a20ba4c94d6e8431eefe4a63c", size = 728987, upload-time = "2026-03-20T11:16:24.836Z" }
wheels = [
    { url = "https://files.pythonhosted.org/packages/b4/db/08f4ca10c5018813e7e0b59e4472302328b3d2ab1512f5a2157a814540e0/polars-1.39.3-py3-none-any.whl", hash = "sha256:c2b955ccc0a08a2bc9259785decf3d5c007b489b523bf2390cf21cec2bb82a56", size = 823985, upload-time = "2026-03-20T11:14:23.619Z" },
]

[[package]]
name = "polars-runtime-32"
version = "1.39.3"
source = { registry = "https://pypi.org/simple" }
sdist = { url = "https://files.pythonhosted.org/packages/17/39/c8688696bc22b6c501e3b82ef3be10e543c07a785af5660f30997cd22dd2/polars_runtime_32-1.39.3.tar.gz", hash = "sha256:c728e4f469cafab501947585f36311b8fb222d3e934c6209e83791e0df20b29d", size = 2872335, upload-time = "2026-03-20T11:16:26.581Z" }
wheels = [
    { url = "https://files.pythonhosted.org/packages/3b/74/1b41205f7368c9375ab1dea91178eaa20435fe3eff036390a53a7660b416/polars_runtime_32-1.39.3-cp310-abi3-macosx_10_12_x86_64.whl", hash = "sha256:425c0b220b573fa097b4042edff73114cc6d23432a21dfd2dc41adf329d7d2e9", size = 45273243, upload-time = "2026-03-20T11:14:26.691Z" },
    { url = "https://files.pythonhosted.org/packages/90/bf/297716b3095fe719be20fcf7af1d2b6ab069c38199bbace2469608a69b3a/polars_runtime_32-1.39.3-cp310-abi3-macosx_11_0_arm64.whl", hash = "sha256:ef5884711e3c617d7dc93519a7d038e242f5741cfe5fe9afd32d58845d86c562", size = 40842924, upload-time = "2026-03-20T11:14:31.154Z" },
    { url = "https://files.pythonhosted.org/packages/3d/3e/e65236d9d0d9babfa0ecba593413c06530fca60a8feb8f66243aa5dba92e/polars_runtime_32-1.39.3-cp310-abi3-manylinux_2_17_aarch64.manylinux2014_aarch64.whl", hash = "sha256:06b47f535eb1f97a9a1e5b0053ef50db3a4276e241178e37bbb1a38b1fa53b14", size = 43220650, upload-time = "2026-03-20T11:14:35.458Z" },
    { url = "https://files.pythonhosted.org/packages/b0/15/fc3e43f3fdf3f20b7dfb5abe871ab6162cf8fb4aeabf4cfad822d5dc4c79/polars_runtime_32-1.39.3-cp310-abi3-manylinux_2_17_x86_64.manylinux2014_x86_64.whl", hash = "sha256:8bc9e13dc1d2e828331f2fe8ccbc9757554dc4933a8d3e85e906b988178f95ed", size = 46877498, upload-time = "2026-03-20T11:14:40.14Z" },
    { url = "https://files.pythonhosted.org/packages/3c/81/bd5f895919e32c6ab0a7786cd0c0ca961cb03152c47c3645808b54383f31/polars_runtime_32-1.39.3-cp310-abi3-musllinux_1_2_aarch64.whl", hash = "sha256:363d49e3a3e638fc943e2b9887940300a7d06789930855a178a4727949259dc2", size = 43380176, upload-time = "2026-03-20T11:14:45.566Z" },
    { url = "https://files.pythonhosted.org/packages/7a/3e/c86433c3b5ec0315bdfc7640d0c15d41f1216c0103a0eab9a9b5147d6c4c/polars_runtime_32-1.39.3-cp310-abi3-musllinux_1_2_x86_64.whl", hash = "sha256:7c206bdcc7bc62ea038d6adea8e44b02f0e675e0191a54c810703b4895208ea4", size = 46485933, upload-time = "2026-03-20T11:14:51.155Z" },
    { url = "https://files.pythonhosted.org/packages/54/ce/200b310cf91f98e652eb6ea09fdb3a9718aa0293ebf113dce325797c8572/polars_runtime_32-1.39.3-cp310-abi3-win_amd64.whl", hash = "sha256:d66ca522517554a883446957539c40dc7b75eb0c2220357fb28bc8940d305339", size = 46995458, upload-time = "2026-03-20T11:14:56.074Z" },
    { url = "https://files.pythonhosted.org/packages/da/76/2d48927e0aa2abbdde08cbf4a2536883b73277d47fbeca95e952de86df34/polars_runtime_32-1.39.3-cp310-abi3-win_arm64.whl", hash = "sha256:f49f51461de63f13e5dd4eb080421c8f23f856945f3f8bd5b2b1f59da52c2860", size = 41857648, upload-time = "2026-03-20T11:15:01.142Z" },
]

[[package]]
name = "pygments"
version = "2.20.0"
source = { registry = "https://pypi.org/simple" }
sdist = { url = "https://files.pythonhosted.org/packages/c3/b2/bc9c9196916376152d655522fdcebac55e66de6603a76a02bca1b6414f6c/pygments-2.20.0.tar.gz", hash = "sha256:6757cd03768053ff99f3039c1a36d6c0aa0b263438fcab17520b30a303a82b5f", size = 4955991, upload-time = "2026-03-29T13:29:33.898Z" }
wheels = [
    { url = "https://files.pythonhosted.org/packages/f4/7e/a72dd26f3b0f4f2bf1dd8923c85f7ceb43172af56d63c7383eb62b332364/pygments-2.20.0-py3-none-any.whl", hash = "sha256:81a9e26dd42fd28a23a2d169d86d7ac03b46e2f8b59ed4698fb4785f946d0176", size = 1231151, upload-time = "2026-03-29T13:29:30.038Z" },
]

[[package]]
name = "pytest"
version = "9.0.2"
source = { registry = "https://pypi.org/simple" }
dependencies = [
    { name = "colorama", marker = "sys_platform == 'win32'" },
    { name = "iniconfig" },
    { name = "packaging" },
    { name = "pluggy" },
    { name = "pygments" },
]
sdist = { url = "https://files.pythonhosted.org/packages/d1/db/7ef3487e0fb0049ddb5ce41d3a49c235bf9ad299b6a25d5780a89f19230f/pytest-9.0.2.tar.gz", hash = "sha256:75186651a92bd89611d1d9fc20f0b4345fd827c41ccd5c299a868a05d70edf11", size = 1568901, upload-time = "2025-12-06T21:30:51.014Z" }
wheels = [
    { url = "https://files.pythonhosted.org/packages/3b/ab/b3226f0bd7cdcf710fbede2b3548584366da3b19b5021e74f5bde2a8fa3f/pytest-9.0.2-py3-none-any.whl", hash = "sha256:711ffd45bf766d5264d487b917733b453d917afd2b0ad65223959f59089f875b", size = 374801, upload-time = "2025-12-06T21:30:49.154Z" },
]

[[package]]
name = "pytest-timeout"
version = "2.4.0"
source = { registry = "https://pypi.org/simple" }
dependencies = [
    { name = "pytest" },
]
sdist = { url = "https://files.pythonhosted.org/packages/ac/82/4c9ecabab13363e72d880f2fb504c5f750433b2b6f16e99f4ec21ada284c/pytest_timeout-2.4.0.tar.gz", hash = "sha256:7e68e90b01f9eff71332b25001f85c75495fc4e3a836701876183c4bcfd0540a", size = 17973, upload-time = "2025-05-05T19:44:34.99Z" }
wheels = [
    { url = "https://files.pythonhosted.org/packages/fa/b6/3127540ecdf1464a00e5a01ee60a1b09175f6913f0644ac748494d9c4b21/pytest_timeout-2.4.0-py3-none-any.whl", hash = "sha256:c42667e5cdadb151aeb5b26d114aff6bdf5a907f176a007a30b940d3d865b5c2", size = 14382, upload-time = "2025-05-05T19:44:33.502Z" },
]

[[package]]
name = "pyvcd"
version = "0.4.1"
source = { registry = "https://pypi.org/simple" }
sdist = { url = "https://files.pythonhosted.org/packages/5a/0e/bbc8c4b8b5c2c1b072f891ecc63d5cca230ca09cf25f94ebb9b46dadc114/pyvcd-0.4.1.tar.gz", hash = "sha256:dc6275e95a7949b8236086ab2e6d03afede73441243ec5109c9ea89077f3d696", size = 39562, upload-time = "2024-11-10T22:58:47.397Z" }
wheels = [
    { url = "https://files.pythonhosted.org/packages/8d/6d/24f67ec6cbe90ffca470f3c31e24f3d21124abc5b690398ab34a54bd3070/pyvcd-0.4.1-py2.py3-none-any.whl", hash = "sha256:3a4c71d4dce741f1155a2ed11a6278390a0816293068f6162ad9658d20f75578", size = 23561, upload-time = "2024-11-10T22:58:46.015Z" },
]

[[package]]
name = "simplejson"
version = "3.20.2"
source = { registry = "https://pypi.org/simple" }
sdist = { url = "https://files.pythonhosted.org/packages/41/f4/a1ac5ed32f7ed9a088d62a59d410d4c204b3b3815722e2ccfb491fa8251b/simplejson-3.20.2.tar.gz", hash = "sha256:5fe7a6ce14d1c300d80d08695b7f7e633de6cd72c80644021874d985b3393649", size = 85784, upload-time = "2025-09-26T16:29:36.64Z" }
wheels = [
    { url = "https://files.pythonhosted.org/packages/05/5b/83e1ff87eb60ca706972f7e02e15c0b33396e7bdbd080069a5d1b53cf0d8/simplejson-3.20.2-py3-none-any.whl", hash = "sha256:3b6bb7fb96efd673eac2e4235200bfffdc2353ad12c54117e1e4e2fc485ac017", size = 57309, upload-time = "2025-09-26T16:29:35.312Z" },
]

[[package]]
name = "tqdm"
version = "4.67.3"
source = { registry = "https://pypi.org/simple" }
dependencies = [
    { name = "colorama", marker = "sys_platform == 'win32'" },
]
sdist = { url = "https://files.pythonhosted.org/packages/09/a9/6ba95a270c6f1fbcd8dac228323f2777d886cb206987444e4bce66338dd4/tqdm-4.67.3.tar.gz", hash = "sha256:7d825f03f89244ef73f1d4ce193cb1774a8179fd96f31d7e1dcde62092b960bb", size = 169598, upload-time = "2026-02-03T17:35:53.048Z" }
wheels = [
    { url = "https://files.pythonhosted.org/packages/16/e1/3079a9ff9b8e11b846c6ac5c8b5bfb7ff225eee721825310c91b3b50304f/tqdm-4.67.3-py3-none-any.whl", hash = "sha256:ee1e4c0e59148062281c49d80b25b67771a127c85fc9676d3be5f243206826bf", size = 78374, upload-time = "2026-02-03T17:35:50.982Z" },
]
